
Microsoft Visual Studio Solution File, Format Version 12.00
# Visual Studio Version 17
VisualStudioVersion = 17.5.002.0
MinimumVisualStudioVersion = 10.0.40219.1
Project("{9A19103F-16F7-4668-BE54-9A1E7A4F7556}") = "Web Server", "Web Server.csproj", "{C9369894-988D-4A52-895D-78EDEA3056F1}"
EndProject
Global
	GlobalSection(SolutionConfigurationPlatforms) = preSolution
		Debug|Any CPU = Debug|Any CPU
		Release|Any CPU = Release|Any CPU
	EndGlobalSection
	GlobalSection(ProjectConfigurationPlatforms) = postSolution
		{C9369894-988D-4A52-895D-78EDEA3056F1}.Debug|Any CPU.ActiveCfg = Debug|Any CPU
		{C9369894-988D-4A52-895D-78EDEA3056F1}.Debug|Any CPU.Build.0 = Debug|Any CPU
		{C9369894-988D-4A52-895D-78EDEA3056F1}.Release|Any CPU.ActiveCfg = Release|Any CPU
		{C9369894-988D-4A52-895D-78EDEA3056F1}.Release|Any CPU.Build.0 = Release|Any CPU
	EndGlobalSection
	GlobalSection(SolutionProperties) = preSolution
		HideSolutionNode = FALSE
	EndGlobalSection
	GlobalSection(ExtensibilityGlobals) = postSolution
		SolutionGuid = {258156BA-4B07-4124-BA2E-8535276C14F7}
	EndGlobalSection
EndGlobal
